PODS:
  - Alamofire (5.5.0)
  - Hero (1.6.1)
  - Kingfisher (7.3.0)
  - Mocker (2.5.5)
  - ObjectMapper (3.5.3)
  - Realm (3.21.0):
    - Realm/Headers (= 3.21.0)
  - Realm/Headers (3.21.0)
  - RealmS (4.0.1):
    - ObjectMapper (~> 3.0)
    - RealmSwift (~> 3.0)
  - RealmSwift (3.21.0):
    - Realm (= 3.21.0)
  - RxBlocking (6.0.0):
    - RxSwift (= 6.0.0)
  - RxCocoa (6.0.0):
    - RxRelay (= 6.0.0)
    - RxSwift (= 6.0.0)
  - RxRelay (6.0.0):
    - RxSwift (= 6.0.0)
  - RxSwift (6.0.0)
  - RxTest (6.0.0):
    - RxSwift (= 6.0.0)
  - SwiftGen (6.5.1)
  - Swinject (2.7.1)
  - SwinjectAutoregistration (2.7.0):
    - Swinject (~> 2.7)

DEPENDENCIES:
  - Alamofire (~> 5.5.0)
  - Hero
  - Kingfisher (~> 7.0)
  - Mocker (~> 2.5.4)
  - RealmS (~> 4.0.0)
  - RxBlocking (= 6.0.0)
  - RxCocoa (= 6.0.0)
  - RxSwift (= 6.0.0)
  - RxTest (= 6.0.0)
  - SwiftGen (~> 6.0)
  - Swinject (~> 2.7.0)
  - SwinjectAutoregistration (~> 2.7.0)

SPEC REPOS:
  trunk:
    - Alamofire
    - Hero
    - Kingfisher
    - Mocker
    - ObjectMapper
    - Realm
    - RealmS
    - RealmSwift
    - RxBlocking
    - RxCocoa
    - RxRelay
    - RxSwift
    - RxTest
    - SwiftGen
    - Swinject
    - SwinjectAutoregistration

SPEC CHECKSUMS:
  Alamofire: 1c4fb5369c3fe93d2857c780d8bbe09f06f97e7c
  Hero: 215865ba3ae41dd9bb08cd6c60a645529c6fc94b
  Kingfisher: cdb1189a9223b1bc028816bd47c8b8101a58831c
  Mocker: 8c731a8104962f246cadf2b02556218e9edc1390
  ObjectMapper: 97111c97e054a6ee25917662106689f0b4127b37
  Realm: 38e9dcb19104b58407167d99f70d4995f7c16023
  RealmS: a5ce0e34359676b6d52778dab92c4e36b779bbd9
  RealmSwift: 3183cc1ad48378fbcd634311b22c0e6c44021152
  RxBlocking: c025b8c6fe08c5b18c039b5b11d41ec413f8a59e
  RxCocoa: 3f79328fafa3645b34600f37c31e64c73ae3a80e
  RxRelay: 8d593be109c06ea850df027351beba614b012ffb
  RxSwift: c14e798c59b9f6e9a2df8fd235602e85cc044295
  RxTest: ddef4052e63cb116f5b73510488c3113c37c62e5
  SwiftGen: a6d22010845f08fe18fbdf3a07a8e380fd22e0ea
  Swinject: ddf78b8486dd9b71a667b852cad919ab4484478e
  SwinjectAutoregistration: 330f5012642a8b5c89a8a4adb0c5e52df07382c0

PODFILE CHECKSUM: 6d681174c639097bb7d203b0a1629dd6d28f425f

COCOAPODS: 1.11.2
