PODS:
  - Alamofire (5.5.0)
  - Kingfisher (7.3.0)
  - RxCocoa (6.0.0):
    - RxRelay (= 6.0.0)
    - RxSwift (= 6.0.0)
  - RxRelay (6.0.0):
    - RxSwift (= 6.0.0)
  - RxSwift (6.0.0)
  - SwiftGen (6.5.1)
  - Swinject (2.7.1)
  - SwinjectAutoregistration (2.7.0):
    - Swinject (~> 2.7)

DEPENDENCIES:
  - Alamofire (~> 5.5.0)
  - Kingfisher (~> 7.0)
  - RxCocoa (= 6.0.0)
  - RxSwift (= 6.0.0)
  - SwiftGen (~> 6.0)
  - Swinject (~> 2.7.0)
  - SwinjectAutoregistration (~> 2.7.0)

SPEC REPOS:
  trunk:
    - Alamofire
    - Kingfisher
    - RxCocoa
    - RxRelay
    - RxSwift
    - SwiftGen
    - Swinject
    - SwinjectAutoregistration

SPEC CHECKSUMS:
  Alamofire: 1c4fb5369c3fe93d2857c780d8bbe09f06f97e7c
  Kingfisher: cdb1189a9223b1bc028816bd47c8b8101a58831c
  RxCocoa: 3f79328fafa3645b34600f37c31e64c73ae3a80e
  RxRelay: 8d593be109c06ea850df027351beba614b012ffb
  RxSwift: c14e798c59b9f6e9a2df8fd235602e85cc044295
  SwiftGen: a6d22010845f08fe18fbdf3a07a8e380fd22e0ea
  Swinject: ddf78b8486dd9b71a667b852cad919ab4484478e
  SwinjectAutoregistration: 330f5012642a8b5c89a8a4adb0c5e52df07382c0

PODFILE CHECKSUM: c8c51216c11c83455458a2757ecbac5f77b22c30

COCOAPODS: 1.11.2
